// !$*UTF8*$!
{
	archiveVersion = 1;
	classes = {
	};
	objectVersion = 56;
	objects = {

/* Begin PBXBuildFile section */
		72791A6A2C7D67D300F915EE /* ThreadsCloneApp.swift in Sources */ = {isa = PBXBuildFile; fileRef = 72791A692C7D67D300F915EE /* ThreadsCloneApp.swift */; };
		72791A6C2C7D67D300F915EE /* ContentView.swift in Sources */ = {isa = PBXBuildFile; fileRef = 72791A6B2C7D67D300F915EE /* ContentView.swift */; };
		72791A6E2C7D67D400F915EE /* Assets.xcassets in Resources */ = {isa = PBXBuildFile; fileRef = 72791A6D2C7D67D400F915EE /* Assets.xcassets */; };
		72791A712C7D67D400F915EE /* Preview Assets.xcassets in Resources */ = {isa = PBXBuildFile; fileRef = 72791A702C7D67D400F915EE /* Preview Assets.xcassets */; };
		72791A812C7D68CC00F915EE /* LoginView.swift in Sources */ = {isa = PBXBuildFile; fileRef = 72791A802C7D68CC00F915EE /* LoginView.swift */; };
		72791A832C7D6EB700F915EE /* RegistrationView.swift in Sources */ = {isa = PBXBuildFile; fileRef = 72791A822C7D6EB700F915EE /* RegistrationView.swift */; };
		72791A862C7D706100F915EE /* TextFieldModifier.swift in Sources */ = {isa = PBXBuildFile; fileRef = 72791A852C7D706100F915EE /* TextFieldModifier.swift */; };
		72791A882C7D717F00F915EE /* ButtonModifier.swift in Sources */ = {isa = PBXBuildFile; fileRef = 72791A872C7D717F00F915EE /* ButtonModifier.swift */; };
		72791A8B2C7D7B3000F915EE /* AppTabView.swift in Sources */ = {isa = PBXBuildFile; fileRef = 72791A8A2C7D7B3000F915EE /* AppTabView.swift */; };
		72791A902C7D800900F915EE /* ExploreView.swift in Sources */ = {isa = PBXBuildFile; fileRef = 72791A8F2C7D800900F915EE /* ExploreView.swift */; };
		72791A932C7D802D00F915EE /* FeedView.swift in Sources */ = {isa = PBXBuildFile; fileRef = 72791A922C7D802D00F915EE /* FeedView.swift */; };
		72791A972C7D80A100F915EE /* ThreadCreationView.swift in Sources */ = {isa = PBXBuildFile; fileRef = 72791A962C7D80A100F915EE /* ThreadCreationView.swift */; };
		72791A9B2C7D80C600F915EE /* ActivityView.swift in Sources */ = {isa = PBXBuildFile; fileRef = 72791A9A2C7D80C600F915EE /* ActivityView.swift */; };
		72791A9F2C7D80E400F915EE /* ProfileView.swift in Sources */ = {isa = PBXBuildFile; fileRef = 72791A9E2C7D80E400F915EE /* ProfileView.swift */; };
		72791AA12C7D9AF900F915EE /* ThreadItemView.swift in Sources */ = {isa = PBXBuildFile; fileRef = 72791AA02C7D9AF900F915EE /* ThreadItemView.swift */; };
		72791AA42C7DA59800F915EE /* CircularImageView.swift in Sources */ = {isa = PBXBuildFile; fileRef = 72791AA32C7DA59800F915EE /* CircularImageView.swift */; };
		72791AA62C7DA62900F915EE /* UserCellView.swift in Sources */ = {isa = PBXBuildFile; fileRef = 72791AA52C7DA62900F915EE /* UserCellView.swift */; };
		72791AA92C7DAC5C00F915EE /* ProfileThreadFilter.swift in Sources */ = {isa = PBXBuildFile; fileRef = 72791AA82C7DAC5C00F915EE /* ProfileThreadFilter.swift */; };
		72791AAB2C7DC5F100F915EE /* EditProfileView.swift in Sources */ = {isa = PBXBuildFile; fileRef = 72791AAA2C7DC5F100F915EE /* EditProfileView.swift */; };
/* End PBXBuildFile section */

/* Begin PBXFileReference section */
		72791A662C7D67D300F915EE /* ThreadsClone.app */ = {isa = PBXFileReference; explicitFileType = wrapper.application; includeInIndex = 0; path = ThreadsClone.app; sourceTree = BUILT_PRODUCTS_DIR; };
		72791A692C7D67D300F915EE /* ThreadsCloneApp.swift */ = {isa = PBXFileReference; lastKnownFileType = sourcecode.swift; path = ThreadsCloneApp.swift; sourceTree = "<group>"; };
		72791A6B2C7D67D300F915EE /* ContentView.swift */ = {isa = PBXFileReference; lastKnownFileType = sourcecode.swift; path = ContentView.swift; sourceTree = "<group>"; };
		72791A6D2C7D67D400F915EE /* Assets.xcassets */ = {isa = PBXFileReference; lastKnownFileType = folder.assetcatalog; path = Assets.xcassets; sourceTree = "<group>"; };
		72791A702C7D67D400F915EE /* Preview Assets.xcassets */ = {isa = PBXFileReference; lastKnownFileType = folder.assetcatalog; path = "Preview Assets.xcassets"; sourceTree = "<group>"; };
		72791A802C7D68CC00F915EE /* LoginView.swift */ = {isa = PBXFileReference; lastKnownFileType = sourcecode.swift; path = LoginView.swift; sourceTree = "<group>"; };
		72791A822C7D6EB700F915EE /* RegistrationView.swift */ = {isa = PBXFileReference; lastKnownFileType = sourcecode.swift; path = RegistrationView.swift; sourceTree = "<group>"; };
		72791A852C7D706100F915EE /* TextFieldModifier.swift */ = {isa = PBXFileReference; lastKnownFileType = sourcecode.swift; path = TextFieldModifier.swift; sourceTree = "<group>"; };
		72791A872C7D717F00F915EE /* ButtonModifier.swift */ = {isa = PBXFileReference; lastKnownFileType = sourcecode.swift; path = ButtonModifier.swift; sourceTree = "<group>"; };
		72791A8A2C7D7B3000F915EE /* AppTabView.swift */ = {isa = PBXFileReference; lastKnownFileType = sourcecode.swift; path = AppTabView.swift; sourceTree = "<group>"; };
		72791A8F2C7D800900F915EE /* ExploreView.swift */ = {isa = PBXFileReference; lastKnownFileType = sourcecode.swift; path = ExploreView.swift; sourceTree = "<group>"; };
		72791A922C7D802D00F915EE /* FeedView.swift */ = {isa = PBXFileReference; lastKnownFileType = sourcecode.swift; path = FeedView.swift; sourceTree = "<group>"; };
		72791A962C7D80A100F915EE /* ThreadCreationView.swift */ = {isa = PBXFileReference; lastKnownFileType = sourcecode.swift; path = ThreadCreationView.swift; sourceTree = "<group>"; };
		72791A9A2C7D80C600F915EE /* ActivityView.swift */ = {isa = PBXFileReference; lastKnownFileType = sourcecode.swift; path = ActivityView.swift; sourceTree = "<group>"; };
		72791A9E2C7D80E400F915EE /* ProfileView.swift */ = {isa = PBXFileReference; lastKnownFileType = sourcecode.swift; path = ProfileView.swift; sourceTree = "<group>"; };
		72791AA02C7D9AF900F915EE /* ThreadItemView.swift */ = {isa = PBXFileReference; lastKnownFileType = sourcecode.swift; path = ThreadItemView.swift; sourceTree = "<group>"; };
		72791AA32C7DA59800F915EE /* CircularImageView.swift */ = {isa = PBXFileReference; lastKnownFileType = sourcecode.swift; path = CircularImageView.swift; sourceTree = "<group>"; };
		72791AA52C7DA62900F915EE /* UserCellView.swift */ = {isa = PBXFileReference; lastKnownFileType = sourcecode.swift; path = UserCellView.swift; sourceTree = "<group>"; };
		72791AA82C7DAC5C00F915EE /* ProfileThreadFilter.swift */ = {isa = PBXFileReference; lastKnownFileType = sourcecode.swift; path = ProfileThreadFilter.swift; sourceTree = "<group>"; };
		72791AAA2C7DC5F100F915EE /* EditProfileView.swift */ = {isa = PBXFileReference; lastKnownFileType = sourcecode.swift; path = EditProfileView.swift; sourceTree = "<group>"; };
/* End PBXFileReference section */

/* Begin PBXFrameworksBuildPhase section */
		72791A632C7D67D300F915EE /* Frameworks */ = {
			isa = PBXFrameworksBuildPhase;
			buildActionMask = 2147483647;
			files = (
			);
			runOnlyForDeploymentPostprocessing = 0;
		};
/* End PBXFrameworksBuildPhase section */

/* Begin PBXGroup section */
		72791A5D2C7D67D300F915EE = {
			isa = PBXGroup;
			children = (
				72791A682C7D67D300F915EE /* ThreadsClone */,
				72791A672C7D67D300F915EE /* Products */,
			);
			sourceTree = "<group>";
		};
		72791A672C7D67D300F915EE /* Products */ = {
			isa = PBXGroup;
			children = (
				72791A662C7D67D300F915EE /* ThreadsClone.app */,
			);
			name = Products;
			sourceTree = "<group>";
		};
		72791A682C7D67D300F915EE /* ThreadsClone */ = {
			isa = PBXGroup;
			children = (
				72791A772C7D680300F915EE /* App */,
				72791A782C7D680F00F915EE /* Core */,
				72791A792C7D681400F915EE /* Extensions */,
				72791A7A2C7D682800F915EE /* Models */,
				72791A7B2C7D682B00F915EE /* Services */,
				72791A7C2C7D683200F915EE /* Utils */,
				72791A6D2C7D67D400F915EE /* Assets.xcassets */,
				72791A6F2C7D67D400F915EE /* Preview Content */,
			);
			path = ThreadsClone;
			sourceTree = "<group>";
		};
		72791A6F2C7D67D400F915EE /* Preview Content */ = {
			isa = PBXGroup;
			children = (
				72791A702C7D67D400F915EE /* Preview Assets.xcassets */,
			);
			path = "Preview Content";
			sourceTree = "<group>";
		};
		72791A772C7D680300F915EE /* App */ = {
			isa = PBXGroup;
			children = (
				72791A692C7D67D300F915EE /* ThreadsCloneApp.swift */,
			);
			path = App;
			sourceTree = "<group>";
		};
		72791A782C7D680F00F915EE /* Core */ = {
			isa = PBXGroup;
			children = (
				72791A982C7D80B500F915EE /* Activity */,
				72791A892C7D7B0700F915EE /* AppTabView */,
				72791A7D2C7D685D00F915EE /* Auth */,
				72791AA22C7DA57A00F915EE /* Components */,
				72791A8D2C7D7FB400F915EE /* Explore */,
				72791A8C2C7D7F8400F915EE /* Feed */,
				72791A9C2C7D80D000F915EE /* Profile */,
				72791A7E2C7D686100F915EE /* Root */,
				72791A942C7D807C00F915EE /* ThreadCreation */,
			);
			path = Core;
			sourceTree = "<group>";
		};
		72791A792C7D681400F915EE /* Extensions */ = {
			isa = PBXGroup;
			children = (
			);
			path = Extensions;
			sourceTree = "<group>";
		};
		72791A7A2C7D682800F915EE /* Models */ = {
			isa = PBXGroup;
			children = (
			);
			path = Models;
			sourceTree = "<group>";
		};
		72791A7B2C7D682B00F915EE /* Services */ = {
			isa = PBXGroup;
			children = (
			);
			path = Services;
			sourceTree = "<group>";
		};
		72791A7C2C7D683200F915EE /* Utils */ = {
			isa = PBXGroup;
			children = (
				72791A842C7D704B00F915EE /* ViewModifiers */,
			);
			path = Utils;
			sourceTree = "<group>";
		};
		72791A7D2C7D685D00F915EE /* Auth */ = {
			isa = PBXGroup;
			children = (
				72791A7F2C7D68AF00F915EE /* Views */,
			);
			path = Auth;
			sourceTree = "<group>";
		};
		72791A7E2C7D686100F915EE /* Root */ = {
			isa = PBXGroup;
			children = (
				72791A6B2C7D67D300F915EE /* ContentView.swift */,
			);
			path = Root;
			sourceTree = "<group>";
		};
		72791A7F2C7D68AF00F915EE /* Views */ = {
			isa = PBXGroup;
			children = (
				72791A802C7D68CC00F915EE /* LoginView.swift */,
				72791A822C7D6EB700F915EE /* RegistrationView.swift */,
			);
			path = Views;
			sourceTree = "<group>";
		};
		72791A842C7D704B00F915EE /* ViewModifiers */ = {
			isa = PBXGroup;
			children = (
				72791A872C7D717F00F915EE /* ButtonModifier.swift */,
				72791A852C7D706100F915EE /* TextFieldModifier.swift */,
			);
			path = ViewModifiers;
			sourceTree = "<group>";
		};
		72791A892C7D7B0700F915EE /* AppTabView */ = {
			isa = PBXGroup;
			children = (
				72791A8A2C7D7B3000F915EE /* AppTabView.swift */,
			);
			path = AppTabView;
			sourceTree = "<group>";
		};
		72791A8C2C7D7F8400F915EE /* Feed */ = {
			isa = PBXGroup;
			children = (
				72791A912C7D801C00F915EE /* Views */,
			);
			path = Feed;
			sourceTree = "<group>";
		};
		72791A8D2C7D7FB400F915EE /* Explore */ = {
			isa = PBXGroup;
			children = (
				72791A8E2C7D800200F915EE /* View */,
			);
			path = Explore;
			sourceTree = "<group>";
		};
		72791A8E2C7D800200F915EE /* View */ = {
			isa = PBXGroup;
			children = (
				72791A8F2C7D800900F915EE /* ExploreView.swift */,
			);
			path = View;
			sourceTree = "<group>";
		};
		72791A912C7D801C00F915EE /* Views */ = {
			isa = PBXGroup;
			children = (
				72791A922C7D802D00F915EE /* FeedView.swift */,
				72791AA02C7D9AF900F915EE /* ThreadItemView.swift */,
			);
			path = Views;
			sourceTree = "<group>";
		};
		72791A942C7D807C00F915EE /* ThreadCreation */ = {
			isa = PBXGroup;
			children = (
				72791A952C7D809000F915EE /* Views */,
			);
			path = ThreadCreation;
			sourceTree = "<group>";
		};
		72791A952C7D809000F915EE /* Views */ = {
			isa = PBXGroup;
			children = (
				72791A962C7D80A100F915EE /* ThreadCreationView.swift */,
			);
			path = Views;
			sourceTree = "<group>";
		};
		72791A982C7D80B500F915EE /* Activity */ = {
			isa = PBXGroup;
			children = (
				72791A992C7D80B900F915EE /* Views */,
			);
			path = Activity;
			sourceTree = "<group>";
		};
		72791A992C7D80B900F915EE /* Views */ = {
			isa = PBXGroup;
			children = (
				72791A9A2C7D80C600F915EE /* ActivityView.swift */,
			);
			path = Views;
			sourceTree = "<group>";
		};
		72791A9C2C7D80D000F915EE /* Profile */ = {
			isa = PBXGroup;
			children = (
				72791AA72C7DAC3A00F915EE /* Models */,
				72791A9D2C7D80D300F915EE /* Views */,
			);
			path = Profile;
			sourceTree = "<group>";
		};
		72791A9D2C7D80D300F915EE /* Views */ = {
			isa = PBXGroup;
			children = (
				72791A9E2C7D80E400F915EE /* ProfileView.swift */,
				72791AAA2C7DC5F100F915EE /* EditProfileView.swift */,
			);
			path = Views;
			sourceTree = "<group>";
		};
		72791AA22C7DA57A00F915EE /* Components */ = {
			isa = PBXGroup;
			children = (
				72791AA32C7DA59800F915EE /* CircularImageView.swift */,
				72791AA52C7DA62900F915EE /* UserCellView.swift */,
			);
			path = Components;
			sourceTree = "<group>";
		};
		72791AA72C7DAC3A00F915EE /* Models */ = {
			isa = PBXGroup;
			children = (
				72791AA82C7DAC5C00F915EE /* ProfileThreadFilter.swift */,
			);
			path = Models;
			sourceTree = "<group>";
		};
/* End PBXGroup section */

/* Begin PBXNativeTarget section */
		72791A652C7D67D300F915EE /* ThreadsClone */ = {
			isa = PBXNativeTarget;
			buildConfigurationList = 72791A742C7D67D400F915EE /* Build configuration list for PBXNativeTarget "ThreadsClone" */;
			buildPhases = (
				72791A622C7D67D300F915EE /* Sources */,
				72791A632C7D67D300F915EE /* Frameworks */,
				72791A642C7D67D300F915EE /* Resources */,
			);
			buildRules = (
			);
			dependencies = (
			);
			name = ThreadsClone;
			productName = ThreadsClone;
			productReference = 72791A662C7D67D300F915EE /* ThreadsClone.app */;
			productType = "com.apple.product-type.application";
		};
/* End PBXNativeTarget section */

/* Begin PBXProject section */
		72791A5E2C7D67D300F915EE /* Project object */ = {
			isa = PBXProject;
			attributes = {
				BuildIndependentTargetsInParallel = 1;
				LastSwiftUpdateCheck = 1540;
				LastUpgradeCheck = 1540;
				TargetAttributes = {
					72791A652C7D67D300F915EE = {
						CreatedOnToolsVersion = 15.4;
					};
				};
			};
			buildConfigurationList = 72791A612C7D67D300F915EE /* Build configuration list for PBXProject "ThreadsClone" */;
			compatibilityVersion = "Xcode 14.0";
			developmentRegion = en;
			hasScannedForEncodings = 0;
			knownRegions = (
				en,
				Base,
			);
			mainGroup = 72791A5D2C7D67D300F915EE;
			productRefGroup = 72791A672C7D67D300F915EE /* Products */;
			projectDirPath = "";
			projectRoot = "";
			targets = (
				72791A652C7D67D300F915EE /* ThreadsClone */,
			);
		};
/* End PBXProject section */

/* Begin PBXResourcesBuildPhase section */
		72791A642C7D67D300F915EE /* Resources */ = {
			isa = PBXResourcesBuildPhase;
			buildActionMask = 2147483647;
			files = (
				72791A712C7D67D400F915EE /* Preview Assets.xcassets in Resources */,
				72791A6E2C7D67D400F915EE /* Assets.xcassets in Resources */,
			);
			runOnlyForDeploymentPostprocessing = 0;
		};
/* End PBXResourcesBuildPhase section */

/* Begin PBXSourcesBuildPhase section */
		72791A622C7D67D300F915EE /* Sources */ = {
			isa = PBXSourcesBuildPhase;
			buildActionMask = 2147483647;
			files = (
				72791A9B2C7D80C600F915EE /* ActivityView.swift in Sources */,
				72791AAB2C7DC5F100F915EE /* EditProfileView.swift in Sources */,
				72791A882C7D717F00F915EE /* ButtonModifier.swift in Sources */,
				72791A932C7D802D00F915EE /* FeedView.swift in Sources */,
				72791AA92C7DAC5C00F915EE /* ProfileThreadFilter.swift in Sources */,
				72791A812C7D68CC00F915EE /* LoginView.swift in Sources */,
				72791A9F2C7D80E400F915EE /* ProfileView.swift in Sources */,
				72791A862C7D706100F915EE /* TextFieldModifier.swift in Sources */,
				72791AA12C7D9AF900F915EE /* ThreadItemView.swift in Sources */,
				72791A6C2C7D67D300F915EE /* ContentView.swift in Sources */,
				72791A8B2C7D7B3000F915EE /* AppTabView.swift in Sources */,
				72791AA42C7DA59800F915EE /* CircularImageView.swift in Sources */,
				72791A6A2C7D67D300F915EE /* ThreadsCloneApp.swift in Sources */,
				72791A902C7D800900F915EE /* ExploreView.swift in Sources */,
				72791A832C7D6EB700F915EE /* RegistrationView.swift in Sources */,
				72791AA62C7DA62900F915EE /* UserCellView.swift in Sources */,
				72791A972C7D80A100F915EE /* ThreadCreationView.swift in Sources */,
			);
			runOnlyForDeploymentPostprocessing = 0;
		};
/* End PBXSourcesBuildPhase section */

/* Begin XCBuildConfiguration section */
		72791A722C7D67D400F915EE /* Debug */ = {
			isa = XCBuildConfiguration;
			buildSettings = {
				ALWAYS_SEARCH_USER_PATHS = NO;
				ASSETCATALOG_COMPILER_GENERATE_SWIFT_ASSET_SYMBOL_EXTENSIONS = YES;
				CLANG_ANALYZER_NONNULL = YES;
				CLANG_ANALYZER_NUMBER_OBJECT_CONVERSION = YES_AGGRESSIVE;
				CLANG_CXX_LANGUAGE_STANDARD = "gnu++20";
				CLANG_ENABLE_MODULES = YES;
				CLANG_ENABLE_OBJC_ARC = YES;
				CLANG_ENABLE_OBJC_WEAK = YES;
				CLANG_WARN_BLOCK_CAPTURE_AUTORELEASING = YES;
				CLANG_WARN_BOOL_CONVERSION = YES;
				CLANG_WARN_COMMA = YES;
				CLANG_WARN_CONSTANT_CONVERSION = YES;
				CLANG_WARN_DEPRECATED_OBJC_IMPLEMENTATIONS = YES;
				CLANG_WARN_DIRECT_OBJC_ISA_USAGE = YES_ERROR;
				CLANG_WARN_DOCUMENTATION_COMMENTS = YES;
				CLANG_WARN_EMPTY_BODY = YES;
				CLANG_WARN_ENUM_CONVERSION = YES;
				CLANG_WARN_INFINITE_RECURSION = YES;
				CLANG_WARN_INT_CONVERSION = YES;
				CLANG_WARN_NON_LITERAL_NULL_CONVERSION = YES;
				CLANG_WARN_OBJC_IMPLICIT_RETAIN_SELF = YES;
				CLANG_WARN_OBJC_LITERAL_CONVERSION = YES;
				CLANG_WARN_OBJC_ROOT_CLASS = YES_ERROR;
				CLANG_WARN_QUOTED_INCLUDE_IN_FRAMEWORK_HEADER = YES;
				CLANG_WARN_RANGE_LOOP_ANALYSIS = YES;
				CLANG_WARN_STRICT_PROTOTYPES = YES;
				CLANG_WARN_SUSPICIOUS_MOVE = YES;
				CLANG_WARN_UNGUARDED_AVAILABILITY = YES_AGGRESSIVE;
				CLANG_WARN_UNREACHABLE_CODE = YES;
				CLANG_WARN__DUPLICATE_METHOD_MATCH = YES;
				COPY_PHASE_STRIP = NO;
				DEBUG_INFORMATION_FORMAT = dwarf;
				ENABLE_STRICT_OBJC_MSGSEND = YES;
				ENABLE_TESTABILITY = YES;
				ENABLE_USER_SCRIPT_SANDBOXING = YES;
				GCC_C_LANGUAGE_STANDARD = gnu17;
				GCC_DYNAMIC_NO_PIC = NO;
				GCC_NO_COMMON_BLOCKS = YES;
				GCC_OPTIMIZATION_LEVEL = 0;
				GCC_PREPROCESSOR_DEFINITIONS = (
					"DEBUG=1",
					"$(inherited)",
				);
				GCC_WARN_64_TO_32_BIT_CONVERSION = YES;
				GCC_WARN_ABOUT_RETURN_TYPE = YES_ERROR;
				GCC_WARN_UNDECLARED_SELECTOR = YES;
				GCC_WARN_UNINITIALIZED_AUTOS = YES_AGGRESSIVE;
				GCC_WARN_UNUSED_FUNCTION = YES;
				GCC_WARN_UNUSED_VARIABLE = YES;
				IPHONEOS_DEPLOYMENT_TARGET = 17.5;
				LOCALIZATION_PREFERS_STRING_CATALOGS = YES;
				MTL_ENABLE_DEBUG_INFO = INCLUDE_SOURCE;
				MTL_FAST_MATH = YES;
				ONLY_ACTIVE_ARCH = YES;
				SDKROOT = iphoneos;
				SWIFT_ACTIVE_COMPILATION_CONDITIONS = "DEBUG $(inherited)";
				SWIFT_OPTIMIZATION_LEVEL = "-Onone";
			};
			name = Debug;
		};
		72791A732C7D67D400F915EE /* Release */ = {
			isa = XCBuildConfiguration;
			buildSettings = {
				ALWAYS_SEARCH_USER_PATHS = NO;
				ASSETCATALOG_COMPILER_GENERATE_SWIFT_ASSET_SYMBOL_EXTENSIONS = YES;
				CLANG_ANALYZER_NONNULL = YES;
				CLANG_ANALYZER_NUMBER_OBJECT_CONVERSION = YES_AGGRESSIVE;
				CLANG_CXX_LANGUAGE_STANDARD = "gnu++20";
				CLANG_ENABLE_MODULES = YES;
				CLANG_ENABLE_OBJC_ARC = YES;
				CLANG_ENABLE_OBJC_WEAK = YES;
				CLANG_WARN_BLOCK_CAPTURE_AUTORELEASING = YES;
				CLANG_WARN_BOOL_CONVERSION = YES;
				CLANG_WARN_COMMA = YES;
				CLANG_WARN_CONSTANT_CONVERSION = YES;
				CLANG_WARN_DEPRECATED_OBJC_IMPLEMENTATIONS = YES;
				CLANG_WARN_DIRECT_OBJC_ISA_USAGE = YES_ERROR;
				CLANG_WARN_DOCUMENTATION_COMMENTS = YES;
				CLANG_WARN_EMPTY_BODY = YES;
				CLANG_WARN_ENUM_CONVERSION = YES;
				CLANG_WARN_INFINITE_RECURSION = YES;
				CLANG_WARN_INT_CONVERSION = YES;
				CLANG_WARN_NON_LITERAL_NULL_CONVERSION = YES;
				CLANG_WARN_OBJC_IMPLICIT_RETAIN_SELF = YES;
				CLANG_WARN_OBJC_LITERAL_CONVERSION = YES;
				CLANG_WARN_OBJC_ROOT_CLASS = YES_ERROR;
				CLANG_WARN_QUOTED_INCLUDE_IN_FRAMEWORK_HEADER = YES;
				CLANG_WARN_RANGE_LOOP_ANALYSIS = YES;
				CLANG_WARN_STRICT_PROTOTYPES = YES;
				CLANG_WARN_SUSPICIOUS_MOVE = YES;
				CLANG_WARN_UNGUARDED_AVAILABILITY = YES_AGGRESSIVE;
				CLANG_WARN_UNREACHABLE_CODE = YES;
				CLANG_WARN__DUPLICATE_METHOD_MATCH = YES;
				COPY_PHASE_STRIP = NO;
				DEBUG_INFORMATION_FORMAT = "dwarf-with-dsym";
				ENABLE_NS_ASSERTIONS = NO;
				ENABLE_STRICT_OBJC_MSGSEND = YES;
				ENABLE_USER_SCRIPT_SANDBOXING = YES;
				GCC_C_LANGUAGE_STANDARD = gnu17;
				GCC_NO_COMMON_BLOCKS = YES;
				GCC_WARN_64_TO_32_BIT_CONVERSION = YES;
				GCC_WARN_ABOUT_RETURN_TYPE = YES_ERROR;
				GCC_WARN_UNDECLARED_SELECTOR = YES;
				GCC_WARN_UNINITIALIZED_AUTOS = YES_AGGRESSIVE;
				GCC_WARN_UNUSED_FUNCTION = YES;
				GCC_WARN_UNUSED_VARIABLE = YES;
				IPHONEOS_DEPLOYMENT_TARGET = 17.5;
				LOCALIZATION_PREFERS_STRING_CATALOGS = YES;
				MTL_ENABLE_DEBUG_INFO = NO;
				MTL_FAST_MATH = YES;
				SDKROOT = iphoneos;
				SWIFT_COMPILATION_MODE = wholemodule;
				VALIDATE_PRODUCT = YES;
			};
			name = Release;
		};
		72791A752C7D67D400F915EE /* Debug */ = {
			isa = XCBuildConfiguration;
			buildSettings = {
				ASSETCATALOG_COMPILER_APPICON_NAME = AppIcon;
				ASSETCATALOG_COMPILER_GLOBAL_ACCENT_COLOR_NAME = AccentColor;
				CODE_SIGN_STYLE = Automatic;
				CURRENT_PROJECT_VERSION = 1;
				DEVELOPMENT_ASSET_PATHS = "\"ThreadsClone/Preview Content\"";
				ENABLE_PREVIEWS = YES;
				GENERATE_INFOPLIST_FILE = YES;
				INFOPLIST_KEY_UIApplicationSceneManifest_Generation = YES;
				INFOPLIST_KEY_UIApplicationSupportsIndirectInputEvents = YES;
				INFOPLIST_KEY_UILaunchScreen_Generation = YES;
				INFOPLIST_KEY_UISupportedInterfaceOrientations_iPad = "UIInterfaceOrientationPortrait UIInterfaceOrientationPortraitUpsideDown UIInterfaceOrientationLandscapeLeft UIInterfaceOrientationLandscapeRight";
				INFOPLIST_KEY_UISupportedInterfaceOrientations_iPhone = "UIInterfaceOrientationPortrait UIInterfaceOrientationLandscapeLeft UIInterfaceOrientationLandscapeRight";
				LD_RUNPATH_SEARCH_PATHS = (
					"$(inherited)",
					"@executable_path/Frameworks",
				);
				MARKETING_VERSION = 1.0;
				PRODUCT_BUNDLE_IDENTIFIER = com.basithp.ThreadsClone;
				PRODUCT_NAME = "$(TARGET_NAME)";
				SWIFT_EMIT_LOC_STRINGS = YES;
				SWIFT_VERSION = 5.0;
				TARGETED_DEVICE_FAMILY = "1,2";
			};
			name = Debug;
		};
		72791A762C7D67D400F915EE /* Release */ = {
			isa = XCBuildConfiguration;
			buildSettings = {
				ASSETCATALOG_COMPILER_APPICON_NAME = AppIcon;
				ASSETCATALOG_COMPILER_GLOBAL_ACCENT_COLOR_NAME = AccentColor;
				CODE_SIGN_STYLE = Automatic;
				CURRENT_PROJECT_VERSION = 1;
				DEVELOPMENT_ASSET_PATHS = "\"ThreadsClone/Preview Content\"";
				ENABLE_PREVIEWS = YES;
				GENERATE_INFOPLIST_FILE = YES;
				INFOPLIST_KEY_UIApplicationSceneManifest_Generation = YES;
				INFOPLIST_KEY_UIApplicationSupportsIndirectInputEvents = YES;
				INFOPLIST_KEY_UILaunchScreen_Generation = YES;
				INFOPLIST_KEY_UISupportedInterfaceOrientations_iPad = "UIInterfaceOrientationPortrait UIInterfaceOrientationPortraitUpsideDown UIInterfaceOrientationLandscapeLeft UIInterfaceOrientationLandscapeRight";
				INFOPLIST_KEY_UISupportedInterfaceOrientations_iPhone = "UIInterfaceOrientationPortrait UIInterfaceOrientationLandscapeLeft UIInterfaceOrientationLandscapeRight";
				LD_RUNPATH_SEARCH_PATHS = (
					"$(inherited)",
					"@executable_path/Frameworks",
				);
				MARKETING_VERSION = 1.0;
				PRODUCT_BUNDLE_IDENTIFIER = com.basithp.ThreadsClone;
				PRODUCT_NAME = "$(TARGET_NAME)";
				SWIFT_EMIT_LOC_STRINGS = YES;
				SWIFT_VERSION = 5.0;
				TARGETED_DEVICE_FAMILY = "1,2";
			};
			name = Release;
		};
/* End XCBuildConfiguration section */

/* Begin XCConfigurationList section */
		72791A612C7D67D300F915EE /* Build configuration list for PBXProject "ThreadsClone" */ = {
			isa = XCConfigurationList;
			buildConfigurations = (
				72791A722C7D67D400F915EE /* Debug */,
				72791A732C7D67D400F915EE /* Release */,
			);
			defaultConfigurationIsVisible = 0;
			defaultConfigurationName = Release;
		};
		72791A742C7D67D400F915EE /* Build configuration list for PBXNativeTarget "ThreadsClone" */ = {
			isa = XCConfigurationList;
			buildConfigurations = (
				72791A752C7D67D400F915EE /* Debug */,
				72791A762C7D67D400F915EE /* Release */,
			);
			defaultConfigurationIsVisible = 0;
			defaultConfigurationName = Release;
		};
/* End XCConfigurationList section */
	};
	rootObject = 72791A5E2C7D67D300F915EE /* Project object */;
}
